
Microsoft Visual Studio Solution File, Format Version 12.00
# Visual Studio Version 17
VisualStudioVersion = 17.13.35913.81 d17.13
MinimumVisualStudioVersion = 10.0.40219.1
Project("{FAE04EC0-301F-11D3-BF4B-00C04F79EFBC}") = "JobConnect_API", "JobConnect_API\JobConnect_API.csproj", "{D55229DF-B914-4B79-9968-464DBD0FC82F}"
EndProject
Global
	GlobalSection(SolutionConfigurationPlatforms) = preSolution
		Debug|Any CPU = Debug|Any CPU
		Release|Any CPU = Release|Any CPU
	EndGlobalSection
	GlobalSection(ProjectConfigurationPlatforms) = postSolution
		{D55229DF-B914-4B79-9968-464DBD0FC82F}.Debug|Any CPU.ActiveCfg = Debug|Any CPU
		{D55229DF-B914-4B79-9968-464DBD0FC82F}.Debug|Any CPU.Build.0 = Debug|Any CPU
		{D55229DF-B914-4B79-9968-464DBD0FC82F}.Release|Any CPU.ActiveCfg = Release|Any CPU
		{D55229DF-B914-4B79-9968-464DBD0FC82F}.Release|Any CPU.Build.0 = Release|Any CPU
	EndGlobalSection
	GlobalSection(SolutionProperties) = preSolution
		HideSolutionNode = FALSE
	EndGlobalSection
	GlobalSection(ExtensibilityGlobals) = postSolution
		SolutionGuid = {B4988F0C-2B9B-471B-A041-43C5BE1B9D17}
	EndGlobalSection
EndGlobal
